
Microsoft Visual Studio Solution File, Format Version 12.00
# Visual Studio Version 17
VisualStudioVersion = 17.14.36414.22 d17.14
MinimumVisualStudioVersion = 10.0.40219.1
Project("{FAE04EC0-301F-11D3-BF4B-00C04F79EFBC}") = "OopGitHub_Branch_4princip", "OopGitHub_Branch_4princip.csproj", "{C6834499-3CF9-46FD-8175-2377CD33FEFB}"
EndProject
Global
	GlobalSection(SolutionConfigurationPlatforms) = preSolution
		Debug|Any CPU = Debug|Any CPU
		Release|Any CPU = Release|Any CPU
	EndGlobalSection
	GlobalSection(ProjectConfigurationPlatforms) = postSolution
		{C6834499-3CF9-46FD-8175-2377CD33FEFB}.Debug|Any CPU.ActiveCfg = Debug|Any CPU
		{C6834499-3CF9-46FD-8175-2377CD33FEFB}.Debug|Any CPU.Build.0 = Debug|Any CPU
		{C6834499-3CF9-46FD-8175-2377CD33FEFB}.Release|Any CPU.ActiveCfg = Release|Any CPU
		{C6834499-3CF9-46FD-8175-2377CD33FEFB}.Release|Any CPU.Build.0 = Release|Any CPU
	EndGlobalSection
	GlobalSection(SolutionProperties) = preSolution
		HideSolutionNode = FALSE
	EndGlobalSection
	GlobalSection(ExtensibilityGlobals) = postSolution
		SolutionGuid = {D7CA7D3B-7752-4F82-A845-A57D0F45F144}
	EndGlobalSection
EndGlobal
